
Microsoft Visual Studio Solution File, Format Version 12.00
# Visual Studio 15
VisualStudioVersion = 15.0.27703.2035
MinimumVisualStudioVersion = 10.0.40219.1
Project("{9A19103F-16F7-4668-BE54-9A1E7A4F7556}") = "AutoTexter", "AutoTexter.csproj", "{B965D212-5D9C-4D45-B70C-732DC8E57094}"
EndProject
Global
	GlobalSection(SolutionConfigurationPlatforms) = preSolution
		Debug|Any CPU = Debug|Any CPU
		Release|Any CPU = Release|Any CPU
	EndGlobalSection
	GlobalSection(ProjectConfigurationPlatforms) = postSolution
		{B965D212-5D9C-4D45-B70C-732DC8E57094}.Debug|Any CPU.ActiveCfg = Debug|Any CPU
		{B965D212-5D9C-4D45-B70C-732DC8E57094}.Debug|Any CPU.Build.0 = Debug|Any CPU
		{B965D212-5D9C-4D45-B70C-732DC8E57094}.Release|Any CPU.ActiveCfg = Release|Any CPU
		{B965D212-5D9C-4D45-B70C-732DC8E57094}.Release|Any CPU.Build.0 = Release|Any CPU
	EndGlobalSection
	GlobalSection(SolutionProperties) = preSolution
		HideSolutionNode = FALSE
	EndGlobalSection
	GlobalSection(ExtensibilityGlobals) = postSolution
		SolutionGuid = {65CEA0CF-8563-44A2-B933-CDE0F9D51A4D}
	EndGlobalSection
EndGlobal
